
Microsoft Visual Studio Solution File, Format Version 12.00
# Visual Studio Version 16
VisualStudioVersion = 16.0.29009.5
MinimumVisualStudioVersion = 10.0.40219.1
Project("{FAE04EC0-301F-11D3-BF4B-00C04F79EFBC}") = "PrimeiroProjeto", "PrimeiroProjeto\PrimeiroProjeto.csproj", "{FF07F036-67AA-4A3B-BB56-A9BC0A53FEEA}"
EndProject
Global
	GlobalSection(SolutionConfigurationPlatforms) = preSolution
		Debug|Any CPU = Debug|Any CPU
		Release|Any CPU = Release|Any CPU
	EndGlobalSection
	GlobalSection(ProjectConfigurationPlatforms) = postSolution
		{FF07F036-67AA-4A3B-BB56-A9BC0A53FEEA}.Debug|Any CPU.ActiveCfg = Debug|Any CPU
		{FF07F036-67AA-4A3B-BB56-A9BC0A53FEEA}.Debug|Any CPU.Build.0 = Debug|Any CPU
		{FF07F036-67AA-4A3B-BB56-A9BC0A53FEEA}.Release|Any CPU.ActiveCfg = Release|Any CPU
		{FF07F036-67AA-4A3B-BB56-A9BC0A53FEEA}.Release|Any CPU.Build.0 = Release|Any CPU
	EndGlobalSection
	GlobalSection(SolutionProperties) = preSolution
		HideSolutionNode = FALSE
	EndGlobalSection
	GlobalSection(ExtensibilityGlobals) = postSolution
		SolutionGuid = {29003161-31CC-4598-AF72-9A8A06C735AA}
	EndGlobalSection
EndGlobal
